// !$*UTF8*$!
{
	archiveVersion = 1;
	classes = {
	};
	objectVersion = 50;
	objects = {

/* Begin PBXBuildFile section */
		8C4837C324024223004DC23D /* PersistenceController.swift in Sources */ = {isa = PBXBuildFile; fileRef = 8C4837C224024223004DC23D /* PersistenceController.swift */; };
		8C4837C5240242BE004DC23D /* KeychainController.swift in Sources */ = {isa = PBXBuildFile; fileRef = 8C4837C4240242BE004DC23D /* KeychainController.swift */; };
		8C6C9F5123F8E6B500DBDEDF /* README.md in Resources */ = {isa = PBXBuildFile; fileRef = 8C6C9F5023F8E6B500DBDEDF /* README.md */; };
		8C6C9F5423F8F1EC00DBDEDF /* WebViewController.swift in Sources */ = {isa = PBXBuildFile; fileRef = 8C6C9F5223F8F1EC00DBDEDF /* WebViewController.swift */; };
		8C6C9F5523F8F1EC00DBDEDF /* WebViewController.xib in Resources */ = {isa = PBXBuildFile; fileRef = 8C6C9F5323F8F1EC00DBDEDF /* WebViewController.xib */; };
		8C6C9F5723F8F70D00DBDEDF /* WebCoordinator.swift in Sources */ = {isa = PBXBuildFile; fileRef = 8C6C9F5623F8F70D00DBDEDF /* WebCoordinator.swift */; };
		8C6C9F5923F8FDF700DBDEDF /* UINavigationController+Utils.swift in Sources */ = {isa = PBXBuildFile; fileRef = 8C6C9F5823F8FDF700DBDEDF /* UINavigationController+Utils.swift */; };
		8CC9D1EE23FBA26100335533 /* UITextField+Utils.swift in Sources */ = {isa = PBXBuildFile; fileRef = 8CC9D1ED23FBA26100335533 /* UITextField+Utils.swift */; };
		8CD20B80241435470005B966 /* LoginManager.swift in Sources */ = {isa = PBXBuildFile; fileRef = 8CD20B7F241435470005B966 /* LoginManager.swift */; };
		8CD20B82241436AC0005B966 /* WebViewManager.swift in Sources */ = {isa = PBXBuildFile; fileRef = 8CD20B81241436AC0005B966 /* WebViewManager.swift */; };
		8CE3471C23F7A957005625BC /* AppDelegate.swift in Sources */ = {isa = PBXBuildFile; fileRef = 8CE3471B23F7A957005625BC /* AppDelegate.swift */; };
		8CE3472523F7A959005625BC /* Assets.xcassets in Resources */ = {isa = PBXBuildFile; fileRef = 8CE3472423F7A959005625BC /* Assets.xcassets */; };
		8CE3472823F7A959005625BC /* LaunchScreen.storyboard in Resources */ = {isa = PBXBuildFile; fileRef = 8CE3472623F7A959005625BC /* LaunchScreen.storyboard */; };
		8CE3473323F7AB11005625BC /* LoginViewController.swift in Sources */ = {isa = PBXBuildFile; fileRef = 8CE3473123F7AB10005625BC /* LoginViewController.swift */; };
		8CE3473423F7AB11005625BC /* LoginViewController.xib in Resources */ = {isa = PBXBuildFile; fileRef = 8CE3473223F7AB10005625BC /* LoginViewController.xib */; };
		8CE3473723F7ADDF005625BC /* AppCoordinator.swift in Sources */ = {isa = PBXBuildFile; fileRef = 8CE3473623F7ADDF005625BC /* AppCoordinator.swift */; };
		8CE3473923F7AE1D005625BC /* Coordinator.swift in Sources */ = {isa = PBXBuildFile; fileRef = 8CE3473823F7AE1D005625BC /* Coordinator.swift */; };
		8CE3473B23F7AF65005625BC /* LoginCoordinator.swift in Sources */ = {isa = PBXBuildFile; fileRef = 8CE3473A23F7AF65005625BC /* LoginCoordinator.swift */; };
		8CE3473E23F7B1B3005625BC /* UIViewController+Child.swift in Sources */ = {isa = PBXBuildFile; fileRef = 8CE3473D23F7B1B3005625BC /* UIViewController+Child.swift */; };
		8CE3474023F7B259005625BC /* LoadingViewController.swift in Sources */ = {isa = PBXBuildFile; fileRef = 8CE3473F23F7B259005625BC /* LoadingViewController.swift */; };
/* End PBXBuildFile section */

/* Begin PBXFileReference section */
		8C4837C224024223004DC23D /* PersistenceController.swift */ = {isa = PBXFileReference; lastKnownFileType = sourcecode.swift; path = PersistenceController.swift; sourceTree = "<group>"; };
		8C4837C4240242BE004DC23D /* KeychainController.swift */ = {isa = PBXFileReference; lastKnownFileType = sourcecode.swift; path = KeychainController.swift; sourceTree = "<group>"; };
		8C6C9F5023F8E6B500DBDEDF /* README.md */ = {isa = PBXFileReference; fileEncoding = 4; lastKnownFileType = net.daringfireball.markdown; path = README.md; sourceTree = "<group>"; };
		8C6C9F5223F8F1EC00DBDEDF /* WebViewController.swift */ = {isa = PBXFileReference; lastKnownFileType = sourcecode.swift; path = WebViewController.swift; sourceTree = "<group>"; };
		8C6C9F5323F8F1EC00DBDEDF /* WebViewController.xib */ = {isa = PBXFileReference; lastKnownFileType = file.xib; path = WebViewController.xib; sourceTree = "<group>"; };
		8C6C9F5623F8F70D00DBDEDF /* WebCoordinator.swift */ = {isa = PBXFileReference; lastKnownFileType = sourcecode.swift; path = WebCoordinator.swift; sourceTree = "<group>"; };
		8C6C9F5823F8FDF700DBDEDF /* UINavigationController+Utils.swift */ = {isa = PBXFileReference; lastKnownFileType = sourcecode.swift; path = "UINavigationController+Utils.swift"; sourceTree = "<group>"; };
		8CC9D1ED23FBA26100335533 /* UITextField+Utils.swift */ = {isa = PBXFileReference; lastKnownFileType = sourcecode.swift; path = "UITextField+Utils.swift"; sourceTree = "<group>"; };
		8CD20B7F241435470005B966 /* LoginManager.swift */ = {isa = PBXFileReference; lastKnownFileType = sourcecode.swift; path = LoginManager.swift; sourceTree = "<group>"; };
		8CD20B81241436AC0005B966 /* WebViewManager.swift */ = {isa = PBXFileReference; lastKnownFileType = sourcecode.swift; path = WebViewManager.swift; sourceTree = "<group>"; };
		8CE3471823F7A957005625BC /* Cocoyoc.app */ = {isa = PBXFileReference; explicitFileType = wrapper.application; includeInIndex = 0; path = Cocoyoc.app; sourceTree = BUILT_PRODUCTS_DIR; };
		8CE3471B23F7A957005625BC /* AppDelegate.swift */ = {isa = PBXFileReference; lastKnownFileType = sourcecode.swift; path = AppDelegate.swift; sourceTree = "<group>"; };
		8CE3472423F7A959005625BC /* Assets.xcassets */ = {isa = PBXFileReference; lastKnownFileType = folder.assetcatalog; path = Assets.xcassets; sourceTree = "<group>"; };
		8CE3472723F7A959005625BC /* Base */ = {isa = PBXFileReference; lastKnownFileType = file.storyboard; name = Base; path = Base.lproj/LaunchScreen.storyboard; sourceTree = "<group>"; };
		8CE3472923F7A959005625BC /* Info.plist */ = {isa = PBXFileReference; lastKnownFileType = text.plist.xml; path = Info.plist; sourceTree = "<group>"; };
		8CE3473123F7AB10005625BC /* LoginViewController.swift */ = {isa = PBXFileReference; lastKnownFileType = sourcecode.swift; path = LoginViewController.swift; sourceTree = "<group>"; };
		8CE3473223F7AB10005625BC /* LoginViewController.xib */ = {isa = PBXFileReference; lastKnownFileType = file.xib; path = LoginViewController.xib; sourceTree = "<group>"; };
		8CE3473623F7ADDF005625BC /* AppCoordinator.swift */ = {isa = PBXFileReference; lastKnownFileType = sourcecode.swift; path = AppCoordinator.swift; sourceTree = "<group>"; };
		8CE3473823F7AE1D005625BC /* Coordinator.swift */ = {isa = PBXFileReference; lastKnownFileType = sourcecode.swift; path = Coordinator.swift; sourceTree = "<group>"; };
		8CE3473A23F7AF65005625BC /* LoginCoordinator.swift */ = {isa = PBXFileReference; lastKnownFileType = sourcecode.swift; path = LoginCoordinator.swift; sourceTree = "<group>"; };
		8CE3473D23F7B1B3005625BC /* UIViewController+Child.swift */ = {isa = PBXFileReference; lastKnownFileType = sourcecode.swift; path = "UIViewController+Child.swift"; sourceTree = "<group>"; };
		8CE3473F23F7B259005625BC /* LoadingViewController.swift */ = {isa = PBXFileReference; lastKnownFileType = sourcecode.swift; path = LoadingViewController.swift; sourceTree = "<group>"; };
/* End PBXFileReference section */

/* Begin PBXFrameworksBuildPhase section */
		8CE3471523F7A957005625BC /* Frameworks */ = {
			isa = PBXFrameworksBuildPhase;
			buildActionMask = 2147483647;
			files = (
			);
			runOnlyForDeploymentPostprocessing = 0;
		};
/* End PBXFrameworksBuildPhase section */

/* Begin PBXGroup section */
		8C4837C12402420A004DC23D /* Persistence */ = {
			isa = PBXGroup;
			children = (
				8C4837C224024223004DC23D /* PersistenceController.swift */,
				8C4837C4240242BE004DC23D /* KeychainController.swift */,
			);
			path = Persistence;
			sourceTree = "<group>";
		};
		8CE3470F23F7A957005625BC = {
			isa = PBXGroup;
			children = (
				8C6C9F5023F8E6B500DBDEDF /* README.md */,
				8CE3471A23F7A957005625BC /* Cocoyoc */,
				8CE3471923F7A957005625BC /* Products */,
			);
			sourceTree = "<group>";
		};
		8CE3471923F7A957005625BC /* Products */ = {
			isa = PBXGroup;
			children = (
				8CE3471823F7A957005625BC /* Cocoyoc.app */,
			);
			name = Products;
			sourceTree = "<group>";
		};
		8CE3471A23F7A957005625BC /* Cocoyoc */ = {
			isa = PBXGroup;
			children = (
				8C4837C12402420A004DC23D /* Persistence */,
				8CE3473C23F7B193005625BC /* Utils */,
				8CE3473523F7ADC3005625BC /* App */,
				8CE3473023F7AADD005625BC /* Webview */,
				8CE3472F23F7AAD4005625BC /* Login */,
				8CE3471B23F7A957005625BC /* AppDelegate.swift */,
				8CE3472423F7A959005625BC /* Assets.xcassets */,
				8CE3472623F7A959005625BC /* LaunchScreen.storyboard */,
				8CE3472923F7A959005625BC /* Info.plist */,
			);
			path = Cocoyoc;
			sourceTree = "<group>";
		};
		8CE3472F23F7AAD4005625BC /* Login */ = {
			isa = PBXGroup;
			children = (
				8CE3473123F7AB10005625BC /* LoginViewController.swift */,
				8CE3473223F7AB10005625BC /* LoginViewController.xib */,
				8CE3473A23F7AF65005625BC /* LoginCoordinator.swift */,
				8CD20B7F241435470005B966 /* LoginManager.swift */,
			);
			path = Login;
			sourceTree = "<group>";
		};
		8CE3473023F7AADD005625BC /* Webview */ = {
			isa = PBXGroup;
			children = (
				8C6C9F5223F8F1EC00DBDEDF /* WebViewController.swift */,
				8C6C9F5323F8F1EC00DBDEDF /* WebViewController.xib */,
				8C6C9F5623F8F70D00DBDEDF /* WebCoordinator.swift */,
				8CD20B81241436AC0005B966 /* WebViewManager.swift */,
			);
			path = Webview;
			sourceTree = "<group>";
		};
		8CE3473523F7ADC3005625BC /* App */ = {
			isa = PBXGroup;
			children = (
				8CE3473623F7ADDF005625BC /* AppCoordinator.swift */,
				8CE3473823F7AE1D005625BC /* Coordinator.swift */,
			);
			path = App;
			sourceTree = "<group>";
		};
		8CE3473C23F7B193005625BC /* Utils */ = {
			isa = PBXGroup;
			children = (
				8CE3473D23F7B1B3005625BC /* UIViewController+Child.swift */,
				8CE3473F23F7B259005625BC /* LoadingViewController.swift */,
				8C6C9F5823F8FDF700DBDEDF /* UINavigationController+Utils.swift */,
				8CC9D1ED23FBA26100335533 /* UITextField+Utils.swift */,
			);
			path = Utils;
			sourceTree = "<group>";
		};
/* End PBXGroup section */

/* Begin PBXNativeTarget section */
		8CE3471723F7A957005625BC /* Cocoyoc */ = {
			isa = PBXNativeTarget;
			buildConfigurationList = 8CE3472C23F7A959005625BC /* Build configuration list for PBXNativeTarget "Cocoyoc" */;
			buildPhases = (
				8CE3471423F7A957005625BC /* Sources */,
				8CE3471523F7A957005625BC /* Frameworks */,
				8CE3471623F7A957005625BC /* Resources */,
			);
			buildRules = (
			);
			dependencies = (
			);
			name = Cocoyoc;
			productName = Cocoyoc;
			productReference = 8CE3471823F7A957005625BC /* Cocoyoc.app */;
			productType = "com.apple.product-type.application";
		};
/* End PBXNativeTarget section */

/* Begin PBXProject section */
		8CE3471023F7A957005625BC /* Project object */ = {
			isa = PBXProject;
			attributes = {
				LastSwiftUpdateCheck = 1110;
				LastUpgradeCheck = 1110;
				ORGANIZATIONNAME = jot;
				TargetAttributes = {
					8CE3471723F7A957005625BC = {
						CreatedOnToolsVersion = 11.1;
					};
				};
			};
			buildConfigurationList = 8CE3471323F7A957005625BC /* Build configuration list for PBXProject "Cocoyoc" */;
			compatibilityVersion = "Xcode 9.3";
			developmentRegion = en;
			hasScannedForEncodings = 0;
			knownRegions = (
				en,
				Base,
			);
			mainGroup = 8CE3470F23F7A957005625BC;
			productRefGroup = 8CE3471923F7A957005625BC /* Products */;
			projectDirPath = "";
			projectRoot = "";
			targets = (
				8CE3471723F7A957005625BC /* Cocoyoc */,
			);
		};
/* End PBXProject section */

/* Begin PBXResourcesBuildPhase section */
		8CE3471623F7A957005625BC /* Resources */ = {
			isa = PBXResourcesBuildPhase;
			buildActionMask = 2147483647;
			files = (
				8CE3473423F7AB11005625BC /* LoginViewController.xib in Resources */,
				8CE3472823F7A959005625BC /* LaunchScreen.storyboard in Resources */,
				8C6C9F5123F8E6B500DBDEDF /* README.md in Resources */,
				8C6C9F5523F8F1EC00DBDEDF /* WebViewController.xib in Resources */,
				8CE3472523F7A959005625BC /* Assets.xcassets in Resources */,
			);
			runOnlyForDeploymentPostprocessing = 0;
		};
/* End PBXResourcesBuildPhase section */

/* Begin PBXSourcesBuildPhase section */
		8CE3471423F7A957005625BC /* Sources */ = {
			isa = PBXSourcesBuildPhase;
			buildActionMask = 2147483647;
			files = (
				8CC9D1EE23FBA26100335533 /* UITextField+Utils.swift in Sources */,
				8CE3473B23F7AF65005625BC /* LoginCoordinator.swift in Sources */,
				8C6C9F5723F8F70D00DBDEDF /* WebCoordinator.swift in Sources */,
				8C4837C324024223004DC23D /* PersistenceController.swift in Sources */,
				8CD20B82241436AC0005B966 /* WebViewManager.swift in Sources */,
				8CE3473723F7ADDF005625BC /* AppCoordinator.swift in Sources */,
				8CE3473E23F7B1B3005625BC /* UIViewController+Child.swift in Sources */,
				8CE3474023F7B259005625BC /* LoadingViewController.swift in Sources */,
				8CE3473323F7AB11005625BC /* LoginViewController.swift in Sources */,
				8C4837C5240242BE004DC23D /* KeychainController.swift in Sources */,
				8CD20B80241435470005B966 /* LoginManager.swift in Sources */,
				8CE3473923F7AE1D005625BC /* Coordinator.swift in Sources */,
				8C6C9F5923F8FDF700DBDEDF /* UINavigationController+Utils.swift in Sources */,
				8CE3471C23F7A957005625BC /* AppDelegate.swift in Sources */,
				8C6C9F5423F8F1EC00DBDEDF /* WebViewController.swift in Sources */,
			);
			runOnlyForDeploymentPostprocessing = 0;
		};
/* End PBXSourcesBuildPhase section */

/* Begin PBXVariantGroup section */
		8CE3472623F7A959005625BC /* LaunchScreen.storyboard */ = {
			isa = PBXVariantGroup;
			children = (
				8CE3472723F7A959005625BC /* Base */,
			);
			name = LaunchScreen.storyboard;
			sourceTree = "<group>";
		};
/* End PBXVariantGroup section */

/* Begin XCBuildConfiguration section */
		8CE3472A23F7A959005625BC /* Debug */ = {
			isa = XCBuildConfiguration;
			buildSettings = {
				ALWAYS_SEARCH_USER_PATHS = NO;
				CLANG_ANALYZER_NONNULL = YES;
				CLANG_ANALYZER_NUMBER_OBJECT_CONVERSION = YES_AGGRESSIVE;
				CLANG_CXX_LANGUAGE_STANDARD = "gnu++14";
				CLANG_CXX_LIBRARY = "libc++";
				CLANG_ENABLE_MODULES = YES;
				CLANG_ENABLE_OBJC_ARC = YES;
				CLANG_ENABLE_OBJC_WEAK = YES;
				CLANG_WARN_BLOCK_CAPTURE_AUTORELEASING = YES;
				CLANG_WARN_BOOL_CONVERSION = YES;
				CLANG_WARN_COMMA = YES;
				CLANG_WARN_CONSTANT_CONVERSION = YES;
				CLANG_WARN_DEPRECATED_OBJC_IMPLEMENTATIONS = YES;
				CLANG_WARN_DIRECT_OBJC_ISA_USAGE = YES_ERROR;
				CLANG_WARN_DOCUMENTATION_COMMENTS = YES;
				CLANG_WARN_EMPTY_BODY = YES;
				CLANG_WARN_ENUM_CONVERSION = YES;
				CLANG_WARN_INFINITE_RECURSION = YES;
				CLANG_WARN_INT_CONVERSION = YES;
				CLANG_WARN_NON_LITERAL_NULL_CONVERSION = YES;
				CLANG_WARN_OBJC_IMPLICIT_RETAIN_SELF = YES;
				CLANG_WARN_OBJC_LITERAL_CONVERSION = YES;
				CLANG_WARN_OBJC_ROOT_CLASS = YES_ERROR;
				CLANG_WARN_RANGE_LOOP_ANALYSIS = YES;
				CLANG_WARN_STRICT_PROTOTYPES = YES;
				CLANG_WARN_SUSPICIOUS_MOVE = YES;
				CLANG_WARN_UNGUARDED_AVAILABILITY = YES_AGGRESSIVE;
				CLANG_WARN_UNREACHABLE_CODE = YES;
				CLANG_WARN__DUPLICATE_METHOD_MATCH = YES;
				COPY_PHASE_STRIP = NO;
				DEBUG_INFORMATION_FORMAT = dwarf;
				ENABLE_STRICT_OBJC_MSGSEND = YES;
				ENABLE_TESTABILITY = YES;
				GCC_C_LANGUAGE_STANDARD = gnu11;
				GCC_DYNAMIC_NO_PIC = NO;
				GCC_NO_COMMON_BLOCKS = YES;
				GCC_OPTIMIZATION_LEVEL = 0;
				GCC_PREPROCESSOR_DEFINITIONS = (
					"DEBUG=1",
					"$(inherited)",
				);
				GCC_WARN_64_TO_32_BIT_CONVERSION = YES;
				GCC_WARN_ABOUT_RETURN_TYPE = YES_ERROR;
				GCC_WARN_UNDECLARED_SELECTOR = YES;
				GCC_WARN_UNINITIALIZED_AUTOS = YES_AGGRESSIVE;
				GCC_WARN_UNUSED_FUNCTION = YES;
				GCC_WARN_UNUSED_VARIABLE = YES;
				IPHONEOS_DEPLOYMENT_TARGET = 13.1;
				MTL_ENABLE_DEBUG_INFO = INCLUDE_SOURCE;
				MTL_FAST_MATH = YES;
				ONLY_ACTIVE_ARCH = YES;
				SDKROOT = iphoneos;
				SWIFT_ACTIVE_COMPILATION_CONDITIONS = DEBUG;
				SWIFT_OPTIMIZATION_LEVEL = "-Onone";
			};
			name = Debug;
		};
		8CE3472B23F7A959005625BC /* Release */ = {
			isa = XCBuildConfiguration;
			buildSettings = {
				ALWAYS_SEARCH_USER_PATHS = NO;
				CLANG_ANALYZER_NONNULL = YES;
				CLANG_ANALYZER_NUMBER_OBJECT_CONVERSION = YES_AGGRESSIVE;
				CLANG_CXX_LANGUAGE_STANDARD = "gnu++14";
				CLANG_CXX_LIBRARY = "libc++";
				CLANG_ENABLE_MODULES = YES;
				CLANG_ENABLE_OBJC_ARC = YES;
				CLANG_ENABLE_OBJC_WEAK = YES;
				CLANG_WARN_BLOCK_CAPTURE_AUTORELEASING = YES;
				CLANG_WARN_BOOL_CONVERSION = YES;
				CLANG_WARN_COMMA = YES;
				CLANG_WARN_CONSTANT_CONVERSION = YES;
				CLANG_WARN_DEPRECATED_OBJC_IMPLEMENTATIONS = YES;
				CLANG_WARN_DIRECT_OBJC_ISA_USAGE = YES_ERROR;
				CLANG_WARN_DOCUMENTATION_COMMENTS = YES;
				CLANG_WARN_EMPTY_BODY = YES;
				CLANG_WARN_ENUM_CONVERSION = YES;
				CLANG_WARN_INFINITE_RECURSION = YES;
				CLANG_WARN_INT_CONVERSION = YES;
				CLANG_WARN_NON_LITERAL_NULL_CONVERSION = YES;
				CLANG_WARN_OBJC_IMPLICIT_RETAIN_SELF = YES;
				CLANG_WARN_OBJC_LITERAL_CONVERSION = YES;
				CLANG_WARN_OBJC_ROOT_CLASS = YES_ERROR;
				CLANG_WARN_RANGE_LOOP_ANALYSIS = YES;
				CLANG_WARN_STRICT_PROTOTYPES = YES;
				CLANG_WARN_SUSPICIOUS_MOVE = YES;
				CLANG_WARN_UNGUARDED_AVAILABILITY = YES_AGGRESSIVE;
				CLANG_WARN_UNREACHABLE_CODE = YES;
				CLANG_WARN__DUPLICATE_METHOD_MATCH = YES;
				COPY_PHASE_STRIP = NO;
				DEBUG_INFORMATION_FORMAT = "dwarf-with-dsym";
				ENABLE_NS_ASSERTIONS = NO;
				ENABLE_STRICT_OBJC_MSGSEND = YES;
				GCC_C_LANGUAGE_STANDARD = gnu11;
				GCC_NO_COMMON_BLOCKS = YES;
				GCC_WARN_64_TO_32_BIT_CONVERSION = YES;
				GCC_WARN_ABOUT_RETURN_TYPE = YES_ERROR;
				GCC_WARN_UNDECLARED_SELECTOR = YES;
				GCC_WARN_UNINITIALIZED_AUTOS = YES_AGGRESSIVE;
				GCC_WARN_UNUSED_FUNCTION = YES;
				GCC_WARN_UNUSED_VARIABLE = YES;
				IPHONEOS_DEPLOYMENT_TARGET = 13.1;
				MTL_ENABLE_DEBUG_INFO = NO;
				MTL_FAST_MATH = YES;
				SDKROOT = iphoneos;
				SWIFT_COMPILATION_MODE = wholemodule;
				SWIFT_OPTIMIZATION_LEVEL = "-O";
				VALIDATE_PRODUCT = YES;
			};
			name = Release;
		};
		8CE3472D23F7A959005625BC /* Debug */ = {
			isa = XCBuildConfiguration;
			buildSettings = {
				ASSETCATALOG_COMPILER_APPICON_NAME = AppIcon;
				CODE_SIGN_STYLE = Automatic;
				INFOPLIST_FILE = Cocoyoc/Info.plist;
				IPHONEOS_DEPLOYMENT_TARGET = 11.0;
				LD_RUNPATH_SEARCH_PATHS = (
					"$(inherited)",
					"@executable_path/Frameworks",
				);
				PRODUCT_BUNDLE_IDENTIFIER = com.jot.Cocoyoc;
				PRODUCT_NAME = "$(TARGET_NAME)";
				SWIFT_VERSION = 4.2;
				TARGETED_DEVICE_FAMILY = 1;
			};
			name = Debug;
		};
		8CE3472E23F7A959005625BC /* Release */ = {
			isa = XCBuildConfiguration;
			buildSettings = {
				ASSETCATALOG_COMPILER_APPICON_NAME = AppIcon;
				CODE_SIGN_STYLE = Automatic;
				INFOPLIST_FILE = Cocoyoc/Info.plist;
				IPHONEOS_DEPLOYMENT_TARGET = 11.0;
				LD_RUNPATH_SEARCH_PATHS = (
					"$(inherited)",
					"@executable_path/Frameworks",
				);
				PRODUCT_BUNDLE_IDENTIFIER = com.jot.Cocoyoc;
				PRODUCT_NAME = "$(TARGET_NAME)";
				SWIFT_VERSION = 4.2;
				TARGETED_DEVICE_FAMILY = 1;
			};
			name = Release;
		};
/* End XCBuildConfiguration section */

/* Begin XCConfigurationList section */
		8CE3471323F7A957005625BC /* Build configuration list for PBXProject "Cocoyoc" */ = {
			isa = XCConfigurationList;
			buildConfigurations = (
				8CE3472A23F7A959005625BC /* Debug */,
				8CE3472B23F7A959005625BC /* Release */,
			);
			defaultConfigurationIsVisible = 0;
			defaultConfigurationName = Release;
		};
		8CE3472C23F7A959005625BC /* Build configuration list for PBXNativeTarget "Cocoyoc" */ = {
			isa = XCConfigurationList;
			buildConfigurations = (
				8CE3472D23F7A959005625BC /* Debug */,
				8CE3472E23F7A959005625BC /* Release */,
			);
			defaultConfigurationIsVisible = 0;
			defaultConfigurationName = Release;
		};
/* End XCConfigurationList section */
	};
	rootObject = 8CE3471023F7A957005625BC /* Project object */;
}
